
Microsoft Visual Studio Solution File, Format Version 12.00
# Visual Studio 14
VisualStudioVersion = 14.0.25420.1
MinimumVisualStudioVersion = 10.0.40219.1
Project("{FAE04EC0-301F-11D3-BF4B-00C04F79EFBC}") = "SCGLKPIUI", "SCGLKPIUI\SCGLKPIUI.csproj", "{25D39083-67FD-4EA7-BFEE-0A99F435262E}"
EndProject
Project("{2150E333-8FDC-42A3-9474-1A3956D46DE8}") = "Solution Items", "Solution Items", "{2A1873AB-2C1E-4653-8B7B-DB7490E95787}"
	ProjectSection(SolutionItems) = preProject
		Todo.txt = Todo.txt
		WebOrganize.txt = WebOrganize.txt
	EndProjectSection
EndProject
Project("{FAE04EC0-301F-11D3-BF4B-00C04F79EFBC}") = "BLL", "BLL\BLL.csproj", "{A4245FFA-8E9E-499E-A009-4592B2B50F1A}"
EndProject
Project("{FAE04EC0-301F-11D3-BF4B-00C04F79EFBC}") = "BOL", "BOL\BOL.csproj", "{053A9041-41EA-4305-9C1E-E3FA9A95A2C8}"
EndProject
Project("{FAE04EC0-301F-11D3-BF4B-00C04F79EFBC}") = "DAL", "DAL\DAL.csproj", "{EDF9D6C1-89B2-4936-B0EF-2FA75BC8C0D6}"
EndProject
Global
	GlobalSection(SolutionConfigurationPlatforms) = preSolution
		Debug|Any CPU = Debug|Any CPU
		Release|Any CPU = Release|Any CPU
	EndGlobalSection
	GlobalSection(ProjectConfigurationPlatforms) = postSolution
		{25D39083-67FD-4EA7-BFEE-0A99F435262E}.Debug|Any CPU.ActiveCfg = Debug|Any CPU
		{25D39083-67FD-4EA7-BFEE-0A99F435262E}.Debug|Any CPU.Build.0 = Debug|Any CPU
		{25D39083-67FD-4EA7-BFEE-0A99F435262E}.Release|Any CPU.ActiveCfg = Release|Any CPU
		{25D39083-67FD-4EA7-BFEE-0A99F435262E}.Release|Any CPU.Build.0 = Release|Any CPU
		{A4245FFA-8E9E-499E-A009-4592B2B50F1A}.Debug|Any CPU.ActiveCfg = Debug|Any CPU
		{A4245FFA-8E9E-499E-A009-4592B2B50F1A}.Debug|Any CPU.Build.0 = Debug|Any CPU
		{A4245FFA-8E9E-499E-A009-4592B2B50F1A}.Release|Any CPU.ActiveCfg = Release|Any CPU
		{A4245FFA-8E9E-499E-A009-4592B2B50F1A}.Release|Any CPU.Build.0 = Release|Any CPU
		{053A9041-41EA-4305-9C1E-E3FA9A95A2C8}.Debug|Any CPU.ActiveCfg = Debug|Any CPU
		{053A9041-41EA-4305-9C1E-E3FA9A95A2C8}.Debug|Any CPU.Build.0 = Debug|Any CPU
		{053A9041-41EA-4305-9C1E-E3FA9A95A2C8}.Release|Any CPU.ActiveCfg = Release|Any CPU
		{053A9041-41EA-4305-9C1E-E3FA9A95A2C8}.Release|Any CPU.Build.0 = Release|Any CPU
		{EDF9D6C1-89B2-4936-B0EF-2FA75BC8C0D6}.Debug|Any CPU.ActiveCfg = Debug|Any CPU
		{EDF9D6C1-89B2-4936-B0EF-2FA75BC8C0D6}.Debug|Any CPU.Build.0 = Debug|Any CPU
		{EDF9D6C1-89B2-4936-B0EF-2FA75BC8C0D6}.Release|Any CPU.ActiveCfg = Release|Any CPU
		{EDF9D6C1-89B2-4936-B0EF-2FA75BC8C0D6}.Release|Any CPU.Build.0 = Release|Any CPU
	EndGlobalSection
	GlobalSection(SolutionProperties) = preSolution
		HideSolutionNode = FALSE
	EndGlobalSection
EndGlobal
